
Microsoft Visual Studio Solution File, Format Version 12.00
# Visual Studio Version 17
VisualStudioVersion = 17.10.35122.118
MinimumVisualStudioVersion = 10.0.40219.1
Project("{9A19103F-16F7-4668-BE54-9A1E7A4F7556}") = "SM.WebAPI", "SM.WebAPI\SM.WebAPI.csproj", "{4FBE486D-3484-4911-9C59-9FB8626120E0}"
EndProject
Project("{2150E333-8FDC-42A3-9474-1A3956D46DE8}") = "Services", "Services", "{97F30DA5-ED85-47D0-9FFE-77DFAD54BE90}"
EndProject
Project("{2150E333-8FDC-42A3-9474-1A3956D46DE8}") = "Auth", "Auth", "{CAFA6DE8-D0E9-4028-9FC6-BBEDA5D8661B}"
EndProject
Project("{2150E333-8FDC-42A3-9474-1A3956D46DE8}") = "Shared", "Shared", "{F8C808C3-3742-418A-9164-EAC2DE81E027}"
EndProject
Project("{9A19103F-16F7-4668-BE54-9A1E7A4F7556}") = "SM.Auth.Domain", "Services\Auth\SM.Auth.Domain\SM.Auth.Domain.csproj", "{0676B4F6-4EA8-4F73-BDA6-0FF4066B4855}"
EndProject
Project("{9A19103F-16F7-4668-BE54-9A1E7A4F7556}") = "SM.Auth.ApplicationService", "Services\Auth\SM.Auth.ApplicationService\SM.Auth.ApplicationService.csproj", "{04D235C4-7AFF-47A8-BD4B-83875B1439C0}"
EndProject
Project("{9A19103F-16F7-4668-BE54-9A1E7A4F7556}") = "SM.Auth.Infrastructure", "Services\Auth\SM.Auth.Infrastructure\SM.Auth.Infrastructure.csproj", "{6AF6DE91-DD03-4F95-9009-920495CBF7CB}"
EndProject
Project("{9A19103F-16F7-4668-BE54-9A1E7A4F7556}") = "SM.Auth.Dtos", "Services\Auth\SM.Auth.Dtos\SM.Auth.Dtos.csproj", "{C3620C54-F318-416B-8097-9CF244D43F05}"
EndProject
Project("{9A19103F-16F7-4668-BE54-9A1E7A4F7556}") = "SM.Shared.ApplicationService", "Services\Shared\SM.Shared.ApplicationService\SM.Shared.ApplicationService.csproj", "{52815778-ABBB-4A60-9BCF-C2DB260206D1}"
EndProject
Project("{9A19103F-16F7-4668-BE54-9A1E7A4F7556}") = "SM.Constant", "Services\Shared\SM.Constant\SM.Constant.csproj", "{ED7BC057-966C-46FA-B902-E183FD168E30}"
EndProject
Project("{2150E333-8FDC-42A3-9474-1A3956D46DE8}") = "Tournament", "Tournament", "{4C4B430C-E179-4FE8-8D77-7557CB851518}"
EndProject
Project("{9A19103F-16F7-4668-BE54-9A1E7A4F7556}") = "SM.Tournament.ApplicationService", "Services\Tournament\SM.Tournament.ApplicationService\SM.Tournament.ApplicationService.csproj", "{8F612652-2139-4EBE-8E65-77DE520A4537}"
EndProject
Project("{9A19103F-16F7-4668-BE54-9A1E7A4F7556}") = "SM.Tournament.Domain", "Services\Tournament\SM.Tournament.Domain\SM.Tournament.Domain.csproj", "{64D2A405-0468-4924-A9C8-922464F0B963}"
EndProject
Project("{9A19103F-16F7-4668-BE54-9A1E7A4F7556}") = "SM.Tournament.Infrastructure", "Services\Tournament\SM.Tournament.Infrastructure\SM.Tournament.Infrastructure.csproj", "{CA23E7A6-7C29-4C0E-A8B9-F81C50B81DE6}"
EndProject
Project("{9A19103F-16F7-4668-BE54-9A1E7A4F7556}") = "SM.Tournament.Dtos", "SM.Tournament.Dtos\SM.Tournament.Dtos.csproj", "{A5305E28-EB0E-4DA8-9EF6-FCA42E425E2C}"
EndProject
Global
	GlobalSection(SolutionConfigurationPlatforms) = preSolution
		Debug|Any CPU = Debug|Any CPU
		Release|Any CPU = Release|Any CPU
	EndGlobalSection
	GlobalSection(ProjectConfigurationPlatforms) = postSolution
		{4FBE486D-3484-4911-9C59-9FB8626120E0}.Debug|Any CPU.ActiveCfg = Debug|Any CPU
		{4FBE486D-3484-4911-9C59-9FB8626120E0}.Debug|Any CPU.Build.0 = Debug|Any CPU
		{4FBE486D-3484-4911-9C59-9FB8626120E0}.Release|Any CPU.ActiveCfg = Release|Any CPU
		{4FBE486D-3484-4911-9C59-9FB8626120E0}.Release|Any CPU.Build.0 = Release|Any CPU
		{0676B4F6-4EA8-4F73-BDA6-0FF4066B4855}.Debug|Any CPU.ActiveCfg = Debug|Any CPU
		{0676B4F6-4EA8-4F73-BDA6-0FF4066B4855}.Debug|Any CPU.Build.0 = Debug|Any CPU
		{0676B4F6-4EA8-4F73-BDA6-0FF4066B4855}.Release|Any CPU.ActiveCfg = Release|Any CPU
		{0676B4F6-4EA8-4F73-BDA6-0FF4066B4855}.Release|Any CPU.Build.0 = Release|Any CPU
		{04D235C4-7AFF-47A8-BD4B-83875B1439C0}.Debug|Any CPU.ActiveCfg = Debug|Any CPU
		{04D235C4-7AFF-47A8-BD4B-83875B1439C0}.Debug|Any CPU.Build.0 = Debug|Any CPU
		{04D235C4-7AFF-47A8-BD4B-83875B1439C0}.Release|Any CPU.ActiveCfg = Release|Any CPU
		{04D235C4-7AFF-47A8-BD4B-83875B1439C0}.Release|Any CPU.Build.0 = Release|Any CPU
		{6AF6DE91-DD03-4F95-9009-920495CBF7CB}.Debug|Any CPU.ActiveCfg = Debug|Any CPU
		{6AF6DE91-DD03-4F95-9009-920495CBF7CB}.Debug|Any CPU.Build.0 = Debug|Any CPU
		{6AF6DE91-DD03-4F95-9009-920495CBF7CB}.Release|Any CPU.ActiveCfg = Release|Any CPU
		{6AF6DE91-DD03-4F95-9009-920495CBF7CB}.Release|Any CPU.Build.0 = Release|Any CPU
		{C3620C54-F318-416B-8097-9CF244D43F05}.Debug|Any CPU.ActiveCfg = Debug|Any CPU
		{C3620C54-F318-416B-8097-9CF244D43F05}.Debug|Any CPU.Build.0 = Debug|Any CPU
		{C3620C54-F318-416B-8097-9CF244D43F05}.Release|Any CPU.ActiveCfg = Release|Any CPU
		{C3620C54-F318-416B-8097-9CF244D43F05}.Release|Any CPU.Build.0 = Release|Any CPU
		{52815778-ABBB-4A60-9BCF-C2DB260206D1}.Debug|Any CPU.ActiveCfg = Debug|Any CPU
		{52815778-ABBB-4A60-9BCF-C2DB260206D1}.Debug|Any CPU.Build.0 = Debug|Any CPU
		{52815778-ABBB-4A60-9BCF-C2DB260206D1}.Release|Any CPU.ActiveCfg = Release|Any CPU
		{52815778-ABBB-4A60-9BCF-C2DB260206D1}.Release|Any CPU.Build.0 = Release|Any CPU
		{ED7BC057-966C-46FA-B902-E183FD168E30}.Debug|Any CPU.ActiveCfg = Debug|Any CPU
		{ED7BC057-966C-46FA-B902-E183FD168E30}.Debug|Any CPU.Build.0 = Debug|Any CPU
		{ED7BC057-966C-46FA-B902-E183FD168E30}.Release|Any CPU.ActiveCfg = Release|Any CPU
		{ED7BC057-966C-46FA-B902-E183FD168E30}.Release|Any CPU.Build.0 = Release|Any CPU
		{8F612652-2139-4EBE-8E65-77DE520A4537}.Debug|Any CPU.ActiveCfg = Debug|Any CPU
		{8F612652-2139-4EBE-8E65-77DE520A4537}.Debug|Any CPU.Build.0 = Debug|Any CPU
		{8F612652-2139-4EBE-8E65-77DE520A4537}.Release|Any CPU.ActiveCfg = Release|Any CPU
		{8F612652-2139-4EBE-8E65-77DE520A4537}.Release|Any CPU.Build.0 = Release|Any CPU
		{64D2A405-0468-4924-A9C8-922464F0B963}.Debug|Any CPU.ActiveCfg = Debug|Any CPU
		{64D2A405-0468-4924-A9C8-922464F0B963}.Debug|Any CPU.Build.0 = Debug|Any CPU
		{64D2A405-0468-4924-A9C8-922464F0B963}.Release|Any CPU.ActiveCfg = Release|Any CPU
		{64D2A405-0468-4924-A9C8-922464F0B963}.Release|Any CPU.Build.0 = Release|Any CPU
		{CA23E7A6-7C29-4C0E-A8B9-F81C50B81DE6}.Debug|Any CPU.ActiveCfg = Debug|Any CPU
		{CA23E7A6-7C29-4C0E-A8B9-F81C50B81DE6}.Debug|Any CPU.Build.0 = Debug|Any CPU
		{CA23E7A6-7C29-4C0E-A8B9-F81C50B81DE6}.Release|Any CPU.ActiveCfg = Release|Any CPU
		{CA23E7A6-7C29-4C0E-A8B9-F81C50B81DE6}.Release|Any CPU.Build.0 = Release|Any CPU
		{A5305E28-EB0E-4DA8-9EF6-FCA42E425E2C}.Debug|Any CPU.ActiveCfg = Debug|Any CPU
		{A5305E28-EB0E-4DA8-9EF6-FCA42E425E2C}.Debug|Any CPU.Build.0 = Debug|Any CPU
		{A5305E28-EB0E-4DA8-9EF6-FCA42E425E2C}.Release|Any CPU.ActiveCfg = Release|Any CPU
		{A5305E28-EB0E-4DA8-9EF6-FCA42E425E2C}.Release|Any CPU.Build.0 = Release|Any CPU
	EndGlobalSection
	GlobalSection(SolutionProperties) = preSolution
		HideSolutionNode = FALSE
	EndGlobalSection
	GlobalSection(NestedProjects) = preSolution
		{CAFA6DE8-D0E9-4028-9FC6-BBEDA5D8661B} = {97F30DA5-ED85-47D0-9FFE-77DFAD54BE90}
		{F8C808C3-3742-418A-9164-EAC2DE81E027} = {97F30DA5-ED85-47D0-9FFE-77DFAD54BE90}
		{0676B4F6-4EA8-4F73-BDA6-0FF4066B4855} = {CAFA6DE8-D0E9-4028-9FC6-BBEDA5D8661B}
		{04D235C4-7AFF-47A8-BD4B-83875B1439C0} = {CAFA6DE8-D0E9-4028-9FC6-BBEDA5D8661B}
		{6AF6DE91-DD03-4F95-9009-920495CBF7CB} = {CAFA6DE8-D0E9-4028-9FC6-BBEDA5D8661B}
		{C3620C54-F318-416B-8097-9CF244D43F05} = {CAFA6DE8-D0E9-4028-9FC6-BBEDA5D8661B}
		{52815778-ABBB-4A60-9BCF-C2DB260206D1} = {F8C808C3-3742-418A-9164-EAC2DE81E027}
		{ED7BC057-966C-46FA-B902-E183FD168E30} = {F8C808C3-3742-418A-9164-EAC2DE81E027}
		{4C4B430C-E179-4FE8-8D77-7557CB851518} = {97F30DA5-ED85-47D0-9FFE-77DFAD54BE90}
		{8F612652-2139-4EBE-8E65-77DE520A4537} = {4C4B430C-E179-4FE8-8D77-7557CB851518}
		{64D2A405-0468-4924-A9C8-922464F0B963} = {4C4B430C-E179-4FE8-8D77-7557CB851518}
		{CA23E7A6-7C29-4C0E-A8B9-F81C50B81DE6} = {4C4B430C-E179-4FE8-8D77-7557CB851518}
		{A5305E28-EB0E-4DA8-9EF6-FCA42E425E2C} = {4C4B430C-E179-4FE8-8D77-7557CB851518}
	EndGlobalSection
	GlobalSection(ExtensibilityGlobals) = postSolution
		SolutionGuid = {F2DD33CE-8C22-49F7-9150-3B2C27E1DA45}
	EndGlobalSection
EndGlobal
