
Microsoft Visual Studio Solution File, Format Version 12.00
# Visual Studio Version 17
VisualStudioVersion = 17.10.35122.118
MinimumVisualStudioVersion = 10.0.40219.1
Project("{9A19103F-16F7-4668-BE54-9A1E7A4F7556}") = "SM.WebAPI", "SM.WebAPI\SM.WebAPI.csproj", "{4FBE486D-3484-4911-9C59-9FB8626120E0}"
EndProject
Project("{2150E333-8FDC-42A3-9474-1A3956D46DE8}") = "Services", "Services", "{97F30DA5-ED85-47D0-9FFE-77DFAD54BE90}"
EndProject
Project("{2150E333-8FDC-42A3-9474-1A3956D46DE8}") = "Auth", "Auth", "{CAFA6DE8-D0E9-4028-9FC6-BBEDA5D8661B}"
EndProject
Project("{2150E333-8FDC-42A3-9474-1A3956D46DE8}") = "Club", "Club", "{BF59503A-78A5-44E2-82F8-B4AEBBD93D13}"
EndProject
Project("{2150E333-8FDC-42A3-9474-1A3956D46DE8}") = "Player", "Player", "{79AF5C6B-2923-416F-AC46-CF085FD1C25F}"
EndProject
Project("{2150E333-8FDC-42A3-9474-1A3956D46DE8}") = "Match", "Match", "{FADF486D-6ABD-4211-9406-EFBF71D44020}"
EndProject
Project("{2150E333-8FDC-42A3-9474-1A3956D46DE8}") = "LineUp", "LineUp", "{09472528-01F5-4451-817B-E840D92D4559}"
EndProject
Project("{2150E333-8FDC-42A3-9474-1A3956D46DE8}") = "Shared", "Shared", "{F8C808C3-3742-418A-9164-EAC2DE81E027}"
EndProject
Project("{9A19103F-16F7-4668-BE54-9A1E7A4F7556}") = "SM.Auth.Domain", "Services\Auth\SM.Auth.Domain\SM.Auth.Domain.csproj", "{0676B4F6-4EA8-4F73-BDA6-0FF4066B4855}"
EndProject
Project("{9A19103F-16F7-4668-BE54-9A1E7A4F7556}") = "SM.Auth.ApplicationService", "Services\Auth\SM.Auth.ApplicationService\SM.Auth.ApplicationService.csproj", "{04D235C4-7AFF-47A8-BD4B-83875B1439C0}"
EndProject
Project("{9A19103F-16F7-4668-BE54-9A1E7A4F7556}") = "SM.Auth.Infrastructure", "Services\Auth\SM.Auth.Infrastructure\SM.Auth.Infrastructure.csproj", "{6AF6DE91-DD03-4F95-9009-920495CBF7CB}"
EndProject
Project("{9A19103F-16F7-4668-BE54-9A1E7A4F7556}") = "SM.Auth.Dtos", "Services\Auth\SM.Auth.Dtos\SM.Auth.Dtos.csproj", "{C3620C54-F318-416B-8097-9CF244D43F05}"
EndProject
Project("{9A19103F-16F7-4668-BE54-9A1E7A4F7556}") = "SM.Club.Domain", "Services\Club\SM.Club.Domain\SM.Club.Domain.csproj", "{B3F57569-3934-41FE-BEB4-9F64E4101540}"
EndProject
Project("{9A19103F-16F7-4668-BE54-9A1E7A4F7556}") = "SM.Club.ApplicationService", "Services\Club\SM.Club.ApplicationService\SM.Club.ApplicationService.csproj", "{70DFFBBD-1D55-404A-A802-52D70F77962B}"
EndProject
Project("{9A19103F-16F7-4668-BE54-9A1E7A4F7556}") = "SM.Club.Infrastructure", "Services\Club\SM.Club.Infrastructure\SM.Club.Infrastructure.csproj", "{6E25C990-4794-4CE3-BEBD-4E1A2A5473F0}"
EndProject
Project("{9A19103F-16F7-4668-BE54-9A1E7A4F7556}") = "SM.Club.Dtos", "Services\Club\SM.Club.Dtos\SM.Club.Dtos.csproj", "{CC744741-DB34-49AB-AEE8-936083EE5C2B}"
EndProject
Project("{9A19103F-16F7-4668-BE54-9A1E7A4F7556}") = "SM.Player.Domain", "Services\Player\SM.Player.Domain\SM.Player.Domain.csproj", "{EC245362-4BB9-42BF-A3AF-AC1839E12D8F}"
EndProject
Project("{9A19103F-16F7-4668-BE54-9A1E7A4F7556}") = "SM.Player.ApplicationService", "Services\Player\SM.Player.ApplicationService\SM.Player.ApplicationService.csproj", "{E33CFC36-17C0-446C-963A-BAA97732D654}"
EndProject
Project("{9A19103F-16F7-4668-BE54-9A1E7A4F7556}") = "SM.Player.Infrastructure", "Services\Player\SM.Player.Infrastructure\SM.Player.Infrastructure.csproj", "{C80E2575-1A6F-4328-9868-728927694FBB}"
EndProject
Project("{9A19103F-16F7-4668-BE54-9A1E7A4F7556}") = "SM.Player.Dtos", "Services\Player\SM.Player.Dtos\SM.Player.Dtos.csproj", "{7CD331FC-B0F6-4142-BF9E-5CE93F580FAE}"
EndProject
Project("{9A19103F-16F7-4668-BE54-9A1E7A4F7556}") = "SM.Shared.ApplicationService", "Services\Shared\SM.Shared.ApplicationService\SM.Shared.ApplicationService.csproj", "{52815778-ABBB-4A60-9BCF-C2DB260206D1}"
EndProject
Project("{9A19103F-16F7-4668-BE54-9A1E7A4F7556}") = "SM.Constant", "Services\Shared\SM.Constant\SM.Constant.csproj", "{ED7BC057-966C-46FA-B902-E183FD168E30}"
EndProject
Global
	GlobalSection(SolutionConfigurationPlatforms) = preSolution
		Debug|Any CPU = Debug|Any CPU
		Release|Any CPU = Release|Any CPU
	EndGlobalSection
	GlobalSection(ProjectConfigurationPlatforms) = postSolution
		{4FBE486D-3484-4911-9C59-9FB8626120E0}.Debug|Any CPU.ActiveCfg = Debug|Any CPU
		{4FBE486D-3484-4911-9C59-9FB8626120E0}.Debug|Any CPU.Build.0 = Debug|Any CPU
		{4FBE486D-3484-4911-9C59-9FB8626120E0}.Release|Any CPU.ActiveCfg = Release|Any CPU
		{4FBE486D-3484-4911-9C59-9FB8626120E0}.Release|Any CPU.Build.0 = Release|Any CPU
		{0676B4F6-4EA8-4F73-BDA6-0FF4066B4855}.Debug|Any CPU.ActiveCfg = Debug|Any CPU
		{0676B4F6-4EA8-4F73-BDA6-0FF4066B4855}.Debug|Any CPU.Build.0 = Debug|Any CPU
		{0676B4F6-4EA8-4F73-BDA6-0FF4066B4855}.Release|Any CPU.ActiveCfg = Release|Any CPU
		{0676B4F6-4EA8-4F73-BDA6-0FF4066B4855}.Release|Any CPU.Build.0 = Release|Any CPU
		{04D235C4-7AFF-47A8-BD4B-83875B1439C0}.Debug|Any CPU.ActiveCfg = Debug|Any CPU
		{04D235C4-7AFF-47A8-BD4B-83875B1439C0}.Debug|Any CPU.Build.0 = Debug|Any CPU
		{04D235C4-7AFF-47A8-BD4B-83875B1439C0}.Release|Any CPU.ActiveCfg = Release|Any CPU
		{04D235C4-7AFF-47A8-BD4B-83875B1439C0}.Release|Any CPU.Build.0 = Release|Any CPU
		{6AF6DE91-DD03-4F95-9009-920495CBF7CB}.Debug|Any CPU.ActiveCfg = Debug|Any CPU
		{6AF6DE91-DD03-4F95-9009-920495CBF7CB}.Debug|Any CPU.Build.0 = Debug|Any CPU
		{6AF6DE91-DD03-4F95-9009-920495CBF7CB}.Release|Any CPU.ActiveCfg = Release|Any CPU
		{6AF6DE91-DD03-4F95-9009-920495CBF7CB}.Release|Any CPU.Build.0 = Release|Any CPU
		{C3620C54-F318-416B-8097-9CF244D43F05}.Debug|Any CPU.ActiveCfg = Debug|Any CPU
		{C3620C54-F318-416B-8097-9CF244D43F05}.Debug|Any CPU.Build.0 = Debug|Any CPU
		{C3620C54-F318-416B-8097-9CF244D43F05}.Release|Any CPU.ActiveCfg = Release|Any CPU
		{C3620C54-F318-416B-8097-9CF244D43F05}.Release|Any CPU.Build.0 = Release|Any CPU
		{B3F57569-3934-41FE-BEB4-9F64E4101540}.Debug|Any CPU.ActiveCfg = Debug|Any CPU
		{B3F57569-3934-41FE-BEB4-9F64E4101540}.Debug|Any CPU.Build.0 = Debug|Any CPU
		{B3F57569-3934-41FE-BEB4-9F64E4101540}.Release|Any CPU.ActiveCfg = Release|Any CPU
		{B3F57569-3934-41FE-BEB4-9F64E4101540}.Release|Any CPU.Build.0 = Release|Any CPU
		{70DFFBBD-1D55-404A-A802-52D70F77962B}.Debug|Any CPU.ActiveCfg = Debug|Any CPU
		{70DFFBBD-1D55-404A-A802-52D70F77962B}.Debug|Any CPU.Build.0 = Debug|Any CPU
		{70DFFBBD-1D55-404A-A802-52D70F77962B}.Release|Any CPU.ActiveCfg = Release|Any CPU
		{70DFFBBD-1D55-404A-A802-52D70F77962B}.Release|Any CPU.Build.0 = Release|Any CPU
		{6E25C990-4794-4CE3-BEBD-4E1A2A5473F0}.Debug|Any CPU.ActiveCfg = Debug|Any CPU
		{6E25C990-4794-4CE3-BEBD-4E1A2A5473F0}.Debug|Any CPU.Build.0 = Debug|Any CPU
		{6E25C990-4794-4CE3-BEBD-4E1A2A5473F0}.Release|Any CPU.ActiveCfg = Release|Any CPU
		{6E25C990-4794-4CE3-BEBD-4E1A2A5473F0}.Release|Any CPU.Build.0 = Release|Any CPU
		{CC744741-DB34-49AB-AEE8-936083EE5C2B}.Debug|Any CPU.ActiveCfg = Debug|Any CPU
		{CC744741-DB34-49AB-AEE8-936083EE5C2B}.Debug|Any CPU.Build.0 = Debug|Any CPU
		{CC744741-DB34-49AB-AEE8-936083EE5C2B}.Release|Any CPU.ActiveCfg = Release|Any CPU
		{CC744741-DB34-49AB-AEE8-936083EE5C2B}.Release|Any CPU.Build.0 = Release|Any CPU
		{EC245362-4BB9-42BF-A3AF-AC1839E12D8F}.Debug|Any CPU.ActiveCfg = Debug|Any CPU
		{EC245362-4BB9-42BF-A3AF-AC1839E12D8F}.Debug|Any CPU.Build.0 = Debug|Any CPU
		{EC245362-4BB9-42BF-A3AF-AC1839E12D8F}.Release|Any CPU.ActiveCfg = Release|Any CPU
		{EC245362-4BB9-42BF-A3AF-AC1839E12D8F}.Release|Any CPU.Build.0 = Release|Any CPU
		{E33CFC36-17C0-446C-963A-BAA97732D654}.Debug|Any CPU.ActiveCfg = Debug|Any CPU
		{E33CFC36-17C0-446C-963A-BAA97732D654}.Debug|Any CPU.Build.0 = Debug|Any CPU
		{E33CFC36-17C0-446C-963A-BAA97732D654}.Release|Any CPU.ActiveCfg = Release|Any CPU
		{E33CFC36-17C0-446C-963A-BAA97732D654}.Release|Any CPU.Build.0 = Release|Any CPU
		{C80E2575-1A6F-4328-9868-728927694FBB}.Debug|Any CPU.ActiveCfg = Debug|Any CPU
		{C80E2575-1A6F-4328-9868-728927694FBB}.Debug|Any CPU.Build.0 = Debug|Any CPU
		{C80E2575-1A6F-4328-9868-728927694FBB}.Release|Any CPU.ActiveCfg = Release|Any CPU
		{C80E2575-1A6F-4328-9868-728927694FBB}.Release|Any CPU.Build.0 = Release|Any CPU
		{7CD331FC-B0F6-4142-BF9E-5CE93F580FAE}.Debug|Any CPU.ActiveCfg = Debug|Any CPU
		{7CD331FC-B0F6-4142-BF9E-5CE93F580FAE}.Debug|Any CPU.Build.0 = Debug|Any CPU
		{7CD331FC-B0F6-4142-BF9E-5CE93F580FAE}.Release|Any CPU.ActiveCfg = Release|Any CPU
		{7CD331FC-B0F6-4142-BF9E-5CE93F580FAE}.Release|Any CPU.Build.0 = Release|Any CPU
		{52815778-ABBB-4A60-9BCF-C2DB260206D1}.Debug|Any CPU.ActiveCfg = Debug|Any CPU
		{52815778-ABBB-4A60-9BCF-C2DB260206D1}.Debug|Any CPU.Build.0 = Debug|Any CPU
		{52815778-ABBB-4A60-9BCF-C2DB260206D1}.Release|Any CPU.ActiveCfg = Release|Any CPU
		{52815778-ABBB-4A60-9BCF-C2DB260206D1}.Release|Any CPU.Build.0 = Release|Any CPU
		{ED7BC057-966C-46FA-B902-E183FD168E30}.Debug|Any CPU.ActiveCfg = Debug|Any CPU
		{ED7BC057-966C-46FA-B902-E183FD168E30}.Debug|Any CPU.Build.0 = Debug|Any CPU
		{ED7BC057-966C-46FA-B902-E183FD168E30}.Release|Any CPU.ActiveCfg = Release|Any CPU
		{ED7BC057-966C-46FA-B902-E183FD168E30}.Release|Any CPU.Build.0 = Release|Any CPU
	EndGlobalSection
	GlobalSection(SolutionProperties) = preSolution
		HideSolutionNode = FALSE
	EndGlobalSection
	GlobalSection(NestedProjects) = preSolution
		{CAFA6DE8-D0E9-4028-9FC6-BBEDA5D8661B} = {97F30DA5-ED85-47D0-9FFE-77DFAD54BE90}
		{BF59503A-78A5-44E2-82F8-B4AEBBD93D13} = {97F30DA5-ED85-47D0-9FFE-77DFAD54BE90}
		{79AF5C6B-2923-416F-AC46-CF085FD1C25F} = {97F30DA5-ED85-47D0-9FFE-77DFAD54BE90}
		{FADF486D-6ABD-4211-9406-EFBF71D44020} = {97F30DA5-ED85-47D0-9FFE-77DFAD54BE90}
		{09472528-01F5-4451-817B-E840D92D4559} = {97F30DA5-ED85-47D0-9FFE-77DFAD54BE90}
		{F8C808C3-3742-418A-9164-EAC2DE81E027} = {97F30DA5-ED85-47D0-9FFE-77DFAD54BE90}
		{0676B4F6-4EA8-4F73-BDA6-0FF4066B4855} = {CAFA6DE8-D0E9-4028-9FC6-BBEDA5D8661B}
		{04D235C4-7AFF-47A8-BD4B-83875B1439C0} = {CAFA6DE8-D0E9-4028-9FC6-BBEDA5D8661B}
		{6AF6DE91-DD03-4F95-9009-920495CBF7CB} = {CAFA6DE8-D0E9-4028-9FC6-BBEDA5D8661B}
		{C3620C54-F318-416B-8097-9CF244D43F05} = {CAFA6DE8-D0E9-4028-9FC6-BBEDA5D8661B}
		{B3F57569-3934-41FE-BEB4-9F64E4101540} = {BF59503A-78A5-44E2-82F8-B4AEBBD93D13}
		{70DFFBBD-1D55-404A-A802-52D70F77962B} = {BF59503A-78A5-44E2-82F8-B4AEBBD93D13}
		{6E25C990-4794-4CE3-BEBD-4E1A2A5473F0} = {BF59503A-78A5-44E2-82F8-B4AEBBD93D13}
		{CC744741-DB34-49AB-AEE8-936083EE5C2B} = {BF59503A-78A5-44E2-82F8-B4AEBBD93D13}
		{EC245362-4BB9-42BF-A3AF-AC1839E12D8F} = {79AF5C6B-2923-416F-AC46-CF085FD1C25F}
		{E33CFC36-17C0-446C-963A-BAA97732D654} = {79AF5C6B-2923-416F-AC46-CF085FD1C25F}
		{C80E2575-1A6F-4328-9868-728927694FBB} = {79AF5C6B-2923-416F-AC46-CF085FD1C25F}
		{7CD331FC-B0F6-4142-BF9E-5CE93F580FAE} = {79AF5C6B-2923-416F-AC46-CF085FD1C25F}
		{52815778-ABBB-4A60-9BCF-C2DB260206D1} = {F8C808C3-3742-418A-9164-EAC2DE81E027}
		{ED7BC057-966C-46FA-B902-E183FD168E30} = {F8C808C3-3742-418A-9164-EAC2DE81E027}
	EndGlobalSection
	GlobalSection(ExtensibilityGlobals) = postSolution
		SolutionGuid = {F2DD33CE-8C22-49F7-9150-3B2C27E1DA45}
	EndGlobalSection
EndGlobal
