
Microsoft Visual Studio Solution File, Format Version 12.00
# Visual Studio Version 17
VisualStudioVersion = 17.10.35122.118
MinimumVisualStudioVersion = 10.0.40219.1
Project("{9A19103F-16F7-4668-BE54-9A1E7A4F7556}") = "SM.WebAPI", "SM.WebAPI\SM.WebAPI.csproj", "{4FBE486D-3484-4911-9C59-9FB8626120E0}"
EndProject
Project("{2150E333-8FDC-42A3-9474-1A3956D46DE8}") = "Services", "Services", "{97F30DA5-ED85-47D0-9FFE-77DFAD54BE90}"
EndProject
Project("{2150E333-8FDC-42A3-9474-1A3956D46DE8}") = "Auth", "Auth", "{CAFA6DE8-D0E9-4028-9FC6-BBEDA5D8661B}"
EndProject
Project("{2150E333-8FDC-42A3-9474-1A3956D46DE8}") = "Shared", "Shared", "{F8C808C3-3742-418A-9164-EAC2DE81E027}"
EndProject
Project("{9A19103F-16F7-4668-BE54-9A1E7A4F7556}") = "SM.Auth.Domain", "Services\Auth\SM.Auth.Domain\SM.Auth.Domain.csproj", "{0676B4F6-4EA8-4F73-BDA6-0FF4066B4855}"
EndProject
Project("{9A19103F-16F7-4668-BE54-9A1E7A4F7556}") = "SM.Auth.ApplicationService", "Services\Auth\SM.Auth.ApplicationService\SM.Auth.ApplicationService.csproj", "{04D235C4-7AFF-47A8-BD4B-83875B1439C0}"
EndProject
Project("{9A19103F-16F7-4668-BE54-9A1E7A4F7556}") = "SM.Auth.Infrastructure", "Services\Auth\SM.Auth.Infrastructure\SM.Auth.Infrastructure.csproj", "{6AF6DE91-DD03-4F95-9009-920495CBF7CB}"
EndProject
Project("{9A19103F-16F7-4668-BE54-9A1E7A4F7556}") = "SM.Auth.Dtos", "Services\Auth\SM.Auth.Dtos\SM.Auth.Dtos.csproj", "{C3620C54-F318-416B-8097-9CF244D43F05}"
EndProject
Project("{9A19103F-16F7-4668-BE54-9A1E7A4F7556}") = "SM.Shared.ApplicationService", "Services\Shared\SM.Shared.ApplicationService\SM.Shared.ApplicationService.csproj", "{52815778-ABBB-4A60-9BCF-C2DB260206D1}"
EndProject
Project("{9A19103F-16F7-4668-BE54-9A1E7A4F7556}") = "SM.Constant", "Services\Shared\SM.Constant\SM.Constant.csproj", "{ED7BC057-966C-46FA-B902-E183FD168E30}"
EndProject
Project("{2150E333-8FDC-42A3-9474-1A3956D46DE8}") = "Tournament", "Tournament", "{4C4B430C-E179-4FE8-8D77-7557CB851518}"
EndProject
Project("{9A19103F-16F7-4668-BE54-9A1E7A4F7556}") = "SM.Tournament.ApplicationService", "Services\Tournament\SM.Tournament.ApplicationService\SM.Tournament.ApplicationService.csproj", "{8F612652-2139-4EBE-8E65-77DE520A4537}"
EndProject
Project("{9A19103F-16F7-4668-BE54-9A1E7A4F7556}") = "SM.Tournament.Domain", "Services\Tournament\SM.Tournament.Domain\SM.Tournament.Domain.csproj", "{64D2A405-0468-4924-A9C8-922464F0B963}"
EndProject
Project("{9A19103F-16F7-4668-BE54-9A1E7A4F7556}") = "SM.Tournament.Infrastructure", "Services\Tournament\SM.Tournament.Infrastructure\SM.Tournament.Infrastructure.csproj", "{CA23E7A6-7C29-4C0E-A8B9-F81C50B81DE6}"
EndProject
Project("{9A19103F-16F7-4668-BE54-9A1E7A4F7556}") = "SM.Tournament.Dtos", "Services\Tournament\SM.Tournament.Dtos\SM.Tournament.Dtos.csproj", "{306A1067-8F28-434C-8A89-38C59FE4CDC9}"
EndProject
Project("{2150E333-8FDC-42A3-9474-1A3956D46DE8}") = "Club", "Club", "{27832C88-6697-4A93-9608-450B1D3EACFF}"
EndProject
Project("{9A19103F-16F7-4668-BE54-9A1E7A4F7556}") = "SM.Club.ApplicationService", "Services\Club\SM.Club.ApplicationService\SM.Club.ApplicationService.csproj", "{04C51D8E-2D97-416A-9384-04315CEFC380}"
EndProject
Project("{9A19103F-16F7-4668-BE54-9A1E7A4F7556}") = "SM.Club.Domain", "Services\Club\SM.Club.Domain\SM.Club.Domain.csproj", "{C5E19575-92BE-460D-BFC2-0FD7FE554AEA}"
EndProject
Project("{9A19103F-16F7-4668-BE54-9A1E7A4F7556}") = "SM.Club.Infrastructure", "Services\Club\SM.Club.Infrastructure\SM.Club.Infrastructure.csproj", "{8F5688EE-25DB-4C4B-8F78-3BE108785F26}"
EndProject
Project("{9A19103F-16F7-4668-BE54-9A1E7A4F7556}") = "SM.Club.Dtos", "Services\Club\SM.Club.Dtos\SM.Club.Dtos.csproj", "{05E6A1A0-A1B1-4B43-852C-6754E2592DD1}"
EndProject
Project("{2150E333-8FDC-42A3-9474-1A3956D46DE8}") = "Match", "Match", "{4761DDAB-A8F8-4561-A89C-E751670E9745}"
EndProject
Project("{9A19103F-16F7-4668-BE54-9A1E7A4F7556}") = "SM.Match.Domain", "Services\Match\SM.Match.Domain\SM.Match.Domain.csproj", "{860EA417-0950-4EAA-9561-DBEB6AC1FFBA}"
EndProject
Project("{9A19103F-16F7-4668-BE54-9A1E7A4F7556}") = "SM.Match.ApplicationService", "Services\Match\SM.Match.ApplicationService\SM.Match.ApplicationService.csproj", "{1C678915-E4FF-49D3-B839-D0697916BB97}"
EndProject
Project("{9A19103F-16F7-4668-BE54-9A1E7A4F7556}") = "SM.Match.Dtos", "Services\Match\SM.Match.Dtos\SM.Match.Dtos.csproj", "{38E7A522-E304-4696-BAA4-FD3DE410A26D}"
EndProject
Project("{9A19103F-16F7-4668-BE54-9A1E7A4F7556}") = "SM.Match.Infrastructure", "Services\Match\SM.Match.Infrastructure\SM.Match.Infrastructure.csproj", "{71A65E3B-C310-479D-AA8C-1595918E4924}"
EndProject
Project("{2150E333-8FDC-42A3-9474-1A3956D46DE8}") = "Player", "Player", "{476151D8-9AC6-49DC-A010-89EDC01AE0C0}"
EndProject
Project("{9A19103F-16F7-4668-BE54-9A1E7A4F7556}") = "SM.Player.ApplicationService", "Services\Player\SM.Player.ApplicationService\SM.Player.ApplicationService.csproj", "{9C7BBE13-6901-46E8-B4D9-0705DA9DB2AF}"
EndProject
Project("{9A19103F-16F7-4668-BE54-9A1E7A4F7556}") = "SM.Player.Domain", "Services\Player\SM.Player.Domain\SM.Player.Domain.csproj", "{7B173D90-C56B-4661-B9FD-415A834B0EB4}"
EndProject
Project("{9A19103F-16F7-4668-BE54-9A1E7A4F7556}") = "SM.Player.Dtos", "Services\Player\SM.Player.Dtos\SM.Player.Dtos.csproj", "{16D42F70-EF84-488E-83AB-C328F4FF13E6}"
EndProject
Project("{9A19103F-16F7-4668-BE54-9A1E7A4F7556}") = "SM.Players.Infrastructure", "Services\Player\SM.Players.Infrastructure\SM.Players.Infrastructure.csproj", "{BCB3EE49-19F5-4B3C-B47A-1893FF5A8D54}"
EndProject
Project("{2150E333-8FDC-42A3-9474-1A3956D46DE8}") = "LineUp", "LineUp", "{D750BD10-326A-4C1E-934D-D93730DD9B8E}"
EndProject
Project("{9A19103F-16F7-4668-BE54-9A1E7A4F7556}") = "SM.LineUp.ApplicationService", "Services\LineUp\SM.LineUp.ApplicationService\SM.LineUp.ApplicationService.csproj", "{E2C9066B-6196-454D-BA3D-3E6C6DECC9E5}"
EndProject
Project("{9A19103F-16F7-4668-BE54-9A1E7A4F7556}") = "SM.LineUp.Domain", "Services\LineUp\SM.LineUp.Domain\SM.LineUp.Domain.csproj", "{144C33A7-F8DF-43CE-8EC8-A3F34166B07D}"
EndProject
Project("{9A19103F-16F7-4668-BE54-9A1E7A4F7556}") = "SM.LineUp.Infrastructure", "Services\LineUp\SM.LineUp.Infrastructure\SM.LineUp.Infrastructure.csproj", "{314E3952-2BF3-4471-93CC-3D2A90CD54E0}"
EndProject
Project("{9A19103F-16F7-4668-BE54-9A1E7A4F7556}") = "SM.LineUp.Dtos", "Services\LineUp\SM.LineUp.Dtos\SM.LineUp.Dtos.csproj", "{A8AADDAB-7C30-495F-82D8-F17B7A5CF699}"
EndProject
Project("{2150E333-8FDC-42A3-9474-1A3956D46DE8}") = "Statistic", "Statistic", "{6C85CD86-6CF2-46D3-A4CF-F9C30743C69D}"
EndProject
Project("{9A19103F-16F7-4668-BE54-9A1E7A4F7556}") = "SM.Statistic.ApplicationService", "Services\Statistic\SM.Statistic.ApplicationService\SM.Statistic.ApplicationService.csproj", "{F37ABB9F-4ED1-4DD7-8E9E-B5308C44260E}"
EndProject
Project("{9A19103F-16F7-4668-BE54-9A1E7A4F7556}") = "SM.Statistic.Domain", "Services\Statistic\SM.Statistic.Domain\SM.Statistic.Domain.csproj", "{2793B9E3-CAAF-4DCC-8723-1BE3BFCB7891}"
EndProject
Project("{9A19103F-16F7-4668-BE54-9A1E7A4F7556}") = "SM.Statistic.Infrastructure", "Services\Statistic\SM.Statistic.Infrastructure\SM.Statistic.Infrastructure.csproj", "{00066591-3EE2-45B0-A645-885E48B3A954}"
EndProject
Project("{9A19103F-16F7-4668-BE54-9A1E7A4F7556}") = "SM.Statistic.Dtos", "Services\Statistic\SM.Statistic.Dtos\SM.Statistic.Dtos.csproj", "{06892B14-8244-4A5B-A93B-9C865213A36C}"
EndProject
Project("{2150E333-8FDC-42A3-9474-1A3956D46DE8}") = "Notification", "Notification", "{69793332-49B2-41A1-8BCA-0C1CD618057D}"
EndProject
Global
	GlobalSection(SolutionConfigurationPlatforms) = preSolution
		Debug|Any CPU = Debug|Any CPU
		Release|Any CPU = Release|Any CPU
	EndGlobalSection
	GlobalSection(ProjectConfigurationPlatforms) = postSolution
		{4FBE486D-3484-4911-9C59-9FB8626120E0}.Debug|Any CPU.ActiveCfg = Debug|Any CPU
		{4FBE486D-3484-4911-9C59-9FB8626120E0}.Debug|Any CPU.Build.0 = Debug|Any CPU
		{4FBE486D-3484-4911-9C59-9FB8626120E0}.Release|Any CPU.ActiveCfg = Release|Any CPU
		{4FBE486D-3484-4911-9C59-9FB8626120E0}.Release|Any CPU.Build.0 = Release|Any CPU
		{0676B4F6-4EA8-4F73-BDA6-0FF4066B4855}.Debug|Any CPU.ActiveCfg = Debug|Any CPU
		{0676B4F6-4EA8-4F73-BDA6-0FF4066B4855}.Debug|Any CPU.Build.0 = Debug|Any CPU
		{0676B4F6-4EA8-4F73-BDA6-0FF4066B4855}.Release|Any CPU.ActiveCfg = Release|Any CPU
		{0676B4F6-4EA8-4F73-BDA6-0FF4066B4855}.Release|Any CPU.Build.0 = Release|Any CPU
		{04D235C4-7AFF-47A8-BD4B-83875B1439C0}.Debug|Any CPU.ActiveCfg = Debug|Any CPU
		{04D235C4-7AFF-47A8-BD4B-83875B1439C0}.Debug|Any CPU.Build.0 = Debug|Any CPU
		{04D235C4-7AFF-47A8-BD4B-83875B1439C0}.Release|Any CPU.ActiveCfg = Release|Any CPU
		{04D235C4-7AFF-47A8-BD4B-83875B1439C0}.Release|Any CPU.Build.0 = Release|Any CPU
		{6AF6DE91-DD03-4F95-9009-920495CBF7CB}.Debug|Any CPU.ActiveCfg = Debug|Any CPU
		{6AF6DE91-DD03-4F95-9009-920495CBF7CB}.Debug|Any CPU.Build.0 = Debug|Any CPU
		{6AF6DE91-DD03-4F95-9009-920495CBF7CB}.Release|Any CPU.ActiveCfg = Release|Any CPU
		{6AF6DE91-DD03-4F95-9009-920495CBF7CB}.Release|Any CPU.Build.0 = Release|Any CPU
		{C3620C54-F318-416B-8097-9CF244D43F05}.Debug|Any CPU.ActiveCfg = Debug|Any CPU
		{C3620C54-F318-416B-8097-9CF244D43F05}.Debug|Any CPU.Build.0 = Debug|Any CPU
		{C3620C54-F318-416B-8097-9CF244D43F05}.Release|Any CPU.ActiveCfg = Release|Any CPU
		{C3620C54-F318-416B-8097-9CF244D43F05}.Release|Any CPU.Build.0 = Release|Any CPU
		{52815778-ABBB-4A60-9BCF-C2DB260206D1}.Debug|Any CPU.ActiveCfg = Debug|Any CPU
		{52815778-ABBB-4A60-9BCF-C2DB260206D1}.Debug|Any CPU.Build.0 = Debug|Any CPU
		{52815778-ABBB-4A60-9BCF-C2DB260206D1}.Release|Any CPU.ActiveCfg = Release|Any CPU
		{52815778-ABBB-4A60-9BCF-C2DB260206D1}.Release|Any CPU.Build.0 = Release|Any CPU
		{ED7BC057-966C-46FA-B902-E183FD168E30}.Debug|Any CPU.ActiveCfg = Debug|Any CPU
		{ED7BC057-966C-46FA-B902-E183FD168E30}.Debug|Any CPU.Build.0 = Debug|Any CPU
		{ED7BC057-966C-46FA-B902-E183FD168E30}.Release|Any CPU.ActiveCfg = Release|Any CPU
		{ED7BC057-966C-46FA-B902-E183FD168E30}.Release|Any CPU.Build.0 = Release|Any CPU
		{8F612652-2139-4EBE-8E65-77DE520A4537}.Debug|Any CPU.ActiveCfg = Debug|Any CPU
		{8F612652-2139-4EBE-8E65-77DE520A4537}.Debug|Any CPU.Build.0 = Debug|Any CPU
		{8F612652-2139-4EBE-8E65-77DE520A4537}.Release|Any CPU.ActiveCfg = Release|Any CPU
		{8F612652-2139-4EBE-8E65-77DE520A4537}.Release|Any CPU.Build.0 = Release|Any CPU
		{64D2A405-0468-4924-A9C8-922464F0B963}.Debug|Any CPU.ActiveCfg = Debug|Any CPU
		{64D2A405-0468-4924-A9C8-922464F0B963}.Debug|Any CPU.Build.0 = Debug|Any CPU
		{64D2A405-0468-4924-A9C8-922464F0B963}.Release|Any CPU.ActiveCfg = Release|Any CPU
		{64D2A405-0468-4924-A9C8-922464F0B963}.Release|Any CPU.Build.0 = Release|Any CPU
		{CA23E7A6-7C29-4C0E-A8B9-F81C50B81DE6}.Debug|Any CPU.ActiveCfg = Debug|Any CPU
		{CA23E7A6-7C29-4C0E-A8B9-F81C50B81DE6}.Debug|Any CPU.Build.0 = Debug|Any CPU
		{CA23E7A6-7C29-4C0E-A8B9-F81C50B81DE6}.Release|Any CPU.ActiveCfg = Release|Any CPU
		{CA23E7A6-7C29-4C0E-A8B9-F81C50B81DE6}.Release|Any CPU.Build.0 = Release|Any CPU
		{306A1067-8F28-434C-8A89-38C59FE4CDC9}.Debug|Any CPU.ActiveCfg = Debug|Any CPU
		{306A1067-8F28-434C-8A89-38C59FE4CDC9}.Debug|Any CPU.Build.0 = Debug|Any CPU
		{306A1067-8F28-434C-8A89-38C59FE4CDC9}.Release|Any CPU.ActiveCfg = Release|Any CPU
		{306A1067-8F28-434C-8A89-38C59FE4CDC9}.Release|Any CPU.Build.0 = Release|Any CPU
		{04C51D8E-2D97-416A-9384-04315CEFC380}.Debug|Any CPU.ActiveCfg = Debug|Any CPU
		{04C51D8E-2D97-416A-9384-04315CEFC380}.Debug|Any CPU.Build.0 = Debug|Any CPU
		{04C51D8E-2D97-416A-9384-04315CEFC380}.Release|Any CPU.ActiveCfg = Release|Any CPU
		{04C51D8E-2D97-416A-9384-04315CEFC380}.Release|Any CPU.Build.0 = Release|Any CPU
		{C5E19575-92BE-460D-BFC2-0FD7FE554AEA}.Debug|Any CPU.ActiveCfg = Debug|Any CPU
		{C5E19575-92BE-460D-BFC2-0FD7FE554AEA}.Debug|Any CPU.Build.0 = Debug|Any CPU
		{C5E19575-92BE-460D-BFC2-0FD7FE554AEA}.Release|Any CPU.ActiveCfg = Release|Any CPU
		{C5E19575-92BE-460D-BFC2-0FD7FE554AEA}.Release|Any CPU.Build.0 = Release|Any CPU
		{8F5688EE-25DB-4C4B-8F78-3BE108785F26}.Debug|Any CPU.ActiveCfg = Debug|Any CPU
		{8F5688EE-25DB-4C4B-8F78-3BE108785F26}.Debug|Any CPU.Build.0 = Debug|Any CPU
		{8F5688EE-25DB-4C4B-8F78-3BE108785F26}.Release|Any CPU.ActiveCfg = Release|Any CPU
		{8F5688EE-25DB-4C4B-8F78-3BE108785F26}.Release|Any CPU.Build.0 = Release|Any CPU
		{05E6A1A0-A1B1-4B43-852C-6754E2592DD1}.Debug|Any CPU.ActiveCfg = Debug|Any CPU
		{05E6A1A0-A1B1-4B43-852C-6754E2592DD1}.Debug|Any CPU.Build.0 = Debug|Any CPU
		{05E6A1A0-A1B1-4B43-852C-6754E2592DD1}.Release|Any CPU.ActiveCfg = Release|Any CPU
		{05E6A1A0-A1B1-4B43-852C-6754E2592DD1}.Release|Any CPU.Build.0 = Release|Any CPU
		{860EA417-0950-4EAA-9561-DBEB6AC1FFBA}.Debug|Any CPU.ActiveCfg = Debug|Any CPU
		{860EA417-0950-4EAA-9561-DBEB6AC1FFBA}.Debug|Any CPU.Build.0 = Debug|Any CPU
		{860EA417-0950-4EAA-9561-DBEB6AC1FFBA}.Release|Any CPU.ActiveCfg = Release|Any CPU
		{860EA417-0950-4EAA-9561-DBEB6AC1FFBA}.Release|Any CPU.Build.0 = Release|Any CPU
		{1C678915-E4FF-49D3-B839-D0697916BB97}.Debug|Any CPU.ActiveCfg = Debug|Any CPU
		{1C678915-E4FF-49D3-B839-D0697916BB97}.Debug|Any CPU.Build.0 = Debug|Any CPU
		{1C678915-E4FF-49D3-B839-D0697916BB97}.Release|Any CPU.ActiveCfg = Release|Any CPU
		{1C678915-E4FF-49D3-B839-D0697916BB97}.Release|Any CPU.Build.0 = Release|Any CPU
		{38E7A522-E304-4696-BAA4-FD3DE410A26D}.Debug|Any CPU.ActiveCfg = Debug|Any CPU
		{38E7A522-E304-4696-BAA4-FD3DE410A26D}.Debug|Any CPU.Build.0 = Debug|Any CPU
		{38E7A522-E304-4696-BAA4-FD3DE410A26D}.Release|Any CPU.ActiveCfg = Release|Any CPU
		{38E7A522-E304-4696-BAA4-FD3DE410A26D}.Release|Any CPU.Build.0 = Release|Any CPU
		{71A65E3B-C310-479D-AA8C-1595918E4924}.Debug|Any CPU.ActiveCfg = Debug|Any CPU
		{71A65E3B-C310-479D-AA8C-1595918E4924}.Debug|Any CPU.Build.0 = Debug|Any CPU
		{71A65E3B-C310-479D-AA8C-1595918E4924}.Release|Any CPU.ActiveCfg = Release|Any CPU
		{71A65E3B-C310-479D-AA8C-1595918E4924}.Release|Any CPU.Build.0 = Release|Any CPU
		{9C7BBE13-6901-46E8-B4D9-0705DA9DB2AF}.Debug|Any CPU.ActiveCfg = Debug|Any CPU
		{9C7BBE13-6901-46E8-B4D9-0705DA9DB2AF}.Debug|Any CPU.Build.0 = Debug|Any CPU
		{9C7BBE13-6901-46E8-B4D9-0705DA9DB2AF}.Release|Any CPU.ActiveCfg = Release|Any CPU
		{9C7BBE13-6901-46E8-B4D9-0705DA9DB2AF}.Release|Any CPU.Build.0 = Release|Any CPU
		{7B173D90-C56B-4661-B9FD-415A834B0EB4}.Debug|Any CPU.ActiveCfg = Debug|Any CPU
		{7B173D90-C56B-4661-B9FD-415A834B0EB4}.Debug|Any CPU.Build.0 = Debug|Any CPU
		{7B173D90-C56B-4661-B9FD-415A834B0EB4}.Release|Any CPU.ActiveCfg = Release|Any CPU
		{7B173D90-C56B-4661-B9FD-415A834B0EB4}.Release|Any CPU.Build.0 = Release|Any CPU
		{16D42F70-EF84-488E-83AB-C328F4FF13E6}.Debug|Any CPU.ActiveCfg = Debug|Any CPU
		{16D42F70-EF84-488E-83AB-C328F4FF13E6}.Debug|Any CPU.Build.0 = Debug|Any CPU
		{16D42F70-EF84-488E-83AB-C328F4FF13E6}.Release|Any CPU.ActiveCfg = Release|Any CPU
		{16D42F70-EF84-488E-83AB-C328F4FF13E6}.Release|Any CPU.Build.0 = Release|Any CPU
		{BCB3EE49-19F5-4B3C-B47A-1893FF5A8D54}.Debug|Any CPU.ActiveCfg = Debug|Any CPU
		{BCB3EE49-19F5-4B3C-B47A-1893FF5A8D54}.Debug|Any CPU.Build.0 = Debug|Any CPU
		{BCB3EE49-19F5-4B3C-B47A-1893FF5A8D54}.Release|Any CPU.ActiveCfg = Release|Any CPU
		{BCB3EE49-19F5-4B3C-B47A-1893FF5A8D54}.Release|Any CPU.Build.0 = Release|Any CPU
		{E2C9066B-6196-454D-BA3D-3E6C6DECC9E5}.Debug|Any CPU.ActiveCfg = Debug|Any CPU
		{E2C9066B-6196-454D-BA3D-3E6C6DECC9E5}.Debug|Any CPU.Build.0 = Debug|Any CPU
		{E2C9066B-6196-454D-BA3D-3E6C6DECC9E5}.Release|Any CPU.ActiveCfg = Release|Any CPU
		{E2C9066B-6196-454D-BA3D-3E6C6DECC9E5}.Release|Any CPU.Build.0 = Release|Any CPU
		{144C33A7-F8DF-43CE-8EC8-A3F34166B07D}.Debug|Any CPU.ActiveCfg = Debug|Any CPU
		{144C33A7-F8DF-43CE-8EC8-A3F34166B07D}.Debug|Any CPU.Build.0 = Debug|Any CPU
		{144C33A7-F8DF-43CE-8EC8-A3F34166B07D}.Release|Any CPU.ActiveCfg = Release|Any CPU
		{144C33A7-F8DF-43CE-8EC8-A3F34166B07D}.Release|Any CPU.Build.0 = Release|Any CPU
		{314E3952-2BF3-4471-93CC-3D2A90CD54E0}.Debug|Any CPU.ActiveCfg = Debug|Any CPU
		{314E3952-2BF3-4471-93CC-3D2A90CD54E0}.Debug|Any CPU.Build.0 = Debug|Any CPU
		{314E3952-2BF3-4471-93CC-3D2A90CD54E0}.Release|Any CPU.ActiveCfg = Release|Any CPU
		{314E3952-2BF3-4471-93CC-3D2A90CD54E0}.Release|Any CPU.Build.0 = Release|Any CPU
		{A8AADDAB-7C30-495F-82D8-F17B7A5CF699}.Debug|Any CPU.ActiveCfg = Debug|Any CPU
		{A8AADDAB-7C30-495F-82D8-F17B7A5CF699}.Debug|Any CPU.Build.0 = Debug|Any CPU
		{A8AADDAB-7C30-495F-82D8-F17B7A5CF699}.Release|Any CPU.ActiveCfg = Release|Any CPU
		{A8AADDAB-7C30-495F-82D8-F17B7A5CF699}.Release|Any CPU.Build.0 = Release|Any CPU
		{F37ABB9F-4ED1-4DD7-8E9E-B5308C44260E}.Debug|Any CPU.ActiveCfg = Debug|Any CPU
		{F37ABB9F-4ED1-4DD7-8E9E-B5308C44260E}.Debug|Any CPU.Build.0 = Debug|Any CPU
		{F37ABB9F-4ED1-4DD7-8E9E-B5308C44260E}.Release|Any CPU.ActiveCfg = Release|Any CPU
		{F37ABB9F-4ED1-4DD7-8E9E-B5308C44260E}.Release|Any CPU.Build.0 = Release|Any CPU
		{2793B9E3-CAAF-4DCC-8723-1BE3BFCB7891}.Debug|Any CPU.ActiveCfg = Debug|Any CPU
		{2793B9E3-CAAF-4DCC-8723-1BE3BFCB7891}.Debug|Any CPU.Build.0 = Debug|Any CPU
		{2793B9E3-CAAF-4DCC-8723-1BE3BFCB7891}.Release|Any CPU.ActiveCfg = Release|Any CPU
		{2793B9E3-CAAF-4DCC-8723-1BE3BFCB7891}.Release|Any CPU.Build.0 = Release|Any CPU
		{00066591-3EE2-45B0-A645-885E48B3A954}.Debug|Any CPU.ActiveCfg = Debug|Any CPU
		{00066591-3EE2-45B0-A645-885E48B3A954}.Debug|Any CPU.Build.0 = Debug|Any CPU
		{00066591-3EE2-45B0-A645-885E48B3A954}.Release|Any CPU.ActiveCfg = Release|Any CPU
		{00066591-3EE2-45B0-A645-885E48B3A954}.Release|Any CPU.Build.0 = Release|Any CPU
		{06892B14-8244-4A5B-A93B-9C865213A36C}.Debug|Any CPU.ActiveCfg = Debug|Any CPU
		{06892B14-8244-4A5B-A93B-9C865213A36C}.Debug|Any CPU.Build.0 = Debug|Any CPU
		{06892B14-8244-4A5B-A93B-9C865213A36C}.Release|Any CPU.ActiveCfg = Release|Any CPU
		{06892B14-8244-4A5B-A93B-9C865213A36C}.Release|Any CPU.Build.0 = Release|Any CPU
	EndGlobalSection
	GlobalSection(SolutionProperties) = preSolution
		HideSolutionNode = FALSE
	EndGlobalSection
	GlobalSection(NestedProjects) = preSolution
		{CAFA6DE8-D0E9-4028-9FC6-BBEDA5D8661B} = {97F30DA5-ED85-47D0-9FFE-77DFAD54BE90}
		{F8C808C3-3742-418A-9164-EAC2DE81E027} = {97F30DA5-ED85-47D0-9FFE-77DFAD54BE90}
		{0676B4F6-4EA8-4F73-BDA6-0FF4066B4855} = {CAFA6DE8-D0E9-4028-9FC6-BBEDA5D8661B}
		{04D235C4-7AFF-47A8-BD4B-83875B1439C0} = {CAFA6DE8-D0E9-4028-9FC6-BBEDA5D8661B}
		{6AF6DE91-DD03-4F95-9009-920495CBF7CB} = {CAFA6DE8-D0E9-4028-9FC6-BBEDA5D8661B}
		{C3620C54-F318-416B-8097-9CF244D43F05} = {CAFA6DE8-D0E9-4028-9FC6-BBEDA5D8661B}
		{52815778-ABBB-4A60-9BCF-C2DB260206D1} = {F8C808C3-3742-418A-9164-EAC2DE81E027}
		{ED7BC057-966C-46FA-B902-E183FD168E30} = {F8C808C3-3742-418A-9164-EAC2DE81E027}
		{4C4B430C-E179-4FE8-8D77-7557CB851518} = {97F30DA5-ED85-47D0-9FFE-77DFAD54BE90}
		{8F612652-2139-4EBE-8E65-77DE520A4537} = {4C4B430C-E179-4FE8-8D77-7557CB851518}
		{64D2A405-0468-4924-A9C8-922464F0B963} = {4C4B430C-E179-4FE8-8D77-7557CB851518}
		{CA23E7A6-7C29-4C0E-A8B9-F81C50B81DE6} = {4C4B430C-E179-4FE8-8D77-7557CB851518}
		{306A1067-8F28-434C-8A89-38C59FE4CDC9} = {4C4B430C-E179-4FE8-8D77-7557CB851518}
		{27832C88-6697-4A93-9608-450B1D3EACFF} = {97F30DA5-ED85-47D0-9FFE-77DFAD54BE90}
		{04C51D8E-2D97-416A-9384-04315CEFC380} = {27832C88-6697-4A93-9608-450B1D3EACFF}
		{C5E19575-92BE-460D-BFC2-0FD7FE554AEA} = {27832C88-6697-4A93-9608-450B1D3EACFF}
		{8F5688EE-25DB-4C4B-8F78-3BE108785F26} = {27832C88-6697-4A93-9608-450B1D3EACFF}
		{05E6A1A0-A1B1-4B43-852C-6754E2592DD1} = {27832C88-6697-4A93-9608-450B1D3EACFF}
		{4761DDAB-A8F8-4561-A89C-E751670E9745} = {97F30DA5-ED85-47D0-9FFE-77DFAD54BE90}
		{860EA417-0950-4EAA-9561-DBEB6AC1FFBA} = {4761DDAB-A8F8-4561-A89C-E751670E9745}
		{1C678915-E4FF-49D3-B839-D0697916BB97} = {4761DDAB-A8F8-4561-A89C-E751670E9745}
		{38E7A522-E304-4696-BAA4-FD3DE410A26D} = {4761DDAB-A8F8-4561-A89C-E751670E9745}
		{71A65E3B-C310-479D-AA8C-1595918E4924} = {4761DDAB-A8F8-4561-A89C-E751670E9745}
		{476151D8-9AC6-49DC-A010-89EDC01AE0C0} = {97F30DA5-ED85-47D0-9FFE-77DFAD54BE90}
		{9C7BBE13-6901-46E8-B4D9-0705DA9DB2AF} = {476151D8-9AC6-49DC-A010-89EDC01AE0C0}
		{7B173D90-C56B-4661-B9FD-415A834B0EB4} = {476151D8-9AC6-49DC-A010-89EDC01AE0C0}
		{16D42F70-EF84-488E-83AB-C328F4FF13E6} = {476151D8-9AC6-49DC-A010-89EDC01AE0C0}
		{BCB3EE49-19F5-4B3C-B47A-1893FF5A8D54} = {476151D8-9AC6-49DC-A010-89EDC01AE0C0}
		{D750BD10-326A-4C1E-934D-D93730DD9B8E} = {97F30DA5-ED85-47D0-9FFE-77DFAD54BE90}
		{E2C9066B-6196-454D-BA3D-3E6C6DECC9E5} = {D750BD10-326A-4C1E-934D-D93730DD9B8E}
		{144C33A7-F8DF-43CE-8EC8-A3F34166B07D} = {D750BD10-326A-4C1E-934D-D93730DD9B8E}
		{314E3952-2BF3-4471-93CC-3D2A90CD54E0} = {D750BD10-326A-4C1E-934D-D93730DD9B8E}
		{A8AADDAB-7C30-495F-82D8-F17B7A5CF699} = {D750BD10-326A-4C1E-934D-D93730DD9B8E}
		{6C85CD86-6CF2-46D3-A4CF-F9C30743C69D} = {97F30DA5-ED85-47D0-9FFE-77DFAD54BE90}
		{F37ABB9F-4ED1-4DD7-8E9E-B5308C44260E} = {6C85CD86-6CF2-46D3-A4CF-F9C30743C69D}
		{2793B9E3-CAAF-4DCC-8723-1BE3BFCB7891} = {6C85CD86-6CF2-46D3-A4CF-F9C30743C69D}
		{00066591-3EE2-45B0-A645-885E48B3A954} = {6C85CD86-6CF2-46D3-A4CF-F9C30743C69D}
		{06892B14-8244-4A5B-A93B-9C865213A36C} = {6C85CD86-6CF2-46D3-A4CF-F9C30743C69D}
		{69793332-49B2-41A1-8BCA-0C1CD618057D} = {97F30DA5-ED85-47D0-9FFE-77DFAD54BE90}
	EndGlobalSection
	GlobalSection(ExtensibilityGlobals) = postSolution
		SolutionGuid = {F2DD33CE-8C22-49F7-9150-3B2C27E1DA45}
	EndGlobalSection
EndGlobal
